
Microsoft Visual Studio Solution File, Format Version 12.00
# Visual Studio Version 17
VisualStudioVersion = 17.3.32929.385
MinimumVisualStudioVersion = 10.0.40219.1
Project("{FAE04EC0-301F-11D3-BF4B-00C04F79EFBC}") = "TestingSQLRelationships", "TestingSQLRelationships.csproj", "{EE03CED2-59F3-4B49-8B0D-49A3F51BDD43}"
EndProject
Global
	GlobalSection(SolutionConfigurationPlatforms) = preSolution
		Debug|Any CPU = Debug|Any CPU
		Release|Any CPU = Release|Any CPU
	EndGlobalSection
	GlobalSection(ProjectConfigurationPlatforms) = postSolution
		{EE03CED2-59F3-4B49-8B0D-49A3F51BDD43}.Debug|Any CPU.ActiveCfg = Debug|Any CPU
		{EE03CED2-59F3-4B49-8B0D-49A3F51BDD43}.Debug|Any CPU.Build.0 = Debug|Any CPU
		{EE03CED2-59F3-4B49-8B0D-49A3F51BDD43}.Release|Any CPU.ActiveCfg = Release|Any CPU
		{EE03CED2-59F3-4B49-8B0D-49A3F51BDD43}.Release|Any CPU.Build.0 = Release|Any CPU
	EndGlobalSection
	GlobalSection(SolutionProperties) = preSolution
		HideSolutionNode = FALSE
	EndGlobalSection
	GlobalSection(ExtensibilityGlobals) = postSolution
		SolutionGuid = {685622EC-CA17-4FEF-A398-B13641CB7CED}
	EndGlobalSection
EndGlobal
